Microsoft Visual Studio Solution File, Format Version 11.00
# Visual Studio 2008

Project("{9F626157-81AB-D9A2-2FF7-9FD81A30E40F}") = "Bike_Game", "Assembly-CSharp.csproj", "{96615344-6E9D-9D89-83C4-3ADB0D93AEC3}"
EndProject
Project("{9F626157-81AB-D9A2-2FF7-9FD81A30E40F}") = "Bike_Game", "Assembly-CSharp-Editor.csproj", "{71B9054A-FE2F-213A-E383-9BD1B8143DEC}"
EndProject
Global
	GlobalSection(SolutionConfigurationPlatforms) = preSolution
		Debug|Any CPU = Debug|Any CPU
		Release|Any CPU = Release|Any CPU
	EndGlobalSection
	GlobalSection(ProjectConfigurationPlatforms) = postSolution
		{96615344-6E9D-9D89-83C4-3ADB0D93AEC3}.Debug|Any CPU.ActiveCfg = Debug|Any CPU
		{96615344-6E9D-9D89-83C4-3ADB0D93AEC3}.Debug|Any CPU.Build.0 = Debug|Any CPU
		{96615344-6E9D-9D89-83C4-3ADB0D93AEC3}.Release|Any CPU.ActiveCfg = Release|Any CPU
		{96615344-6E9D-9D89-83C4-3ADB0D93AEC3}.Release|Any CPU.Build.0 = Release|Any CPU
		{71B9054A-FE2F-213A-E383-9BD1B8143DEC}.Debug|Any CPU.ActiveCfg = Debug|Any CPU
		{71B9054A-FE2F-213A-E383-9BD1B8143DEC}.Debug|Any CPU.Build.0 = Debug|Any CPU
		{71B9054A-FE2F-213A-E383-9BD1B8143DEC}.Release|Any CPU.ActiveCfg = Release|Any CPU
		{71B9054A-FE2F-213A-E383-9BD1B8143DEC}.Release|Any CPU.Build.0 = Release|Any CPU
	EndGlobalSection
	GlobalSection(SolutionProperties) = preSolution
		HideSolutionNode = FALSE
	EndGlobalSection
	GlobalSection(MonoDevelopProperties) = preSolution
		StartupItem = Assembly-CSharp.csproj
	EndGlobalSection
EndGlobal
