
Microsoft Visual Studio Solution File, Format Version 12.00
# Visual Studio 2015
Project("{FAE04EC0-301F-11D3-BF4B-00C04F79EFBC}") = "GitBikeGame.CSharp", "GitBikeGame.CSharp.csproj", "{76D1DADD-63DB-B1CB-867C-0DFD8A35B462}"
EndProject
Project("{FAE04EC0-301F-11D3-BF4B-00C04F79EFBC}") = "GitBikeGame.CSharp.Editor", "GitBikeGame.CSharp.Editor.csproj", "{908DCE7F-214E-1B58-59EC-15CBAAAED049}"
EndProject
Global
	GlobalSection(SolutionConfigurationPlatforms) = preSolution
		Debug|Any CPU = Debug|Any CPU
		Release|Any CPU = Release|Any CPU
	EndGlobalSection
	GlobalSection(ProjectConfigurationPlatforms) = postSolution
		{76D1DADD-63DB-B1CB-867C-0DFD8A35B462}.Debug|Any CPU.ActiveCfg = Debug|Any CPU
		{76D1DADD-63DB-B1CB-867C-0DFD8A35B462}.Debug|Any CPU.Build.0 = Debug|Any CPU
		{76D1DADD-63DB-B1CB-867C-0DFD8A35B462}.Release|Any CPU.ActiveCfg = Release|Any CPU
		{76D1DADD-63DB-B1CB-867C-0DFD8A35B462}.Release|Any CPU.Build.0 = Release|Any CPU
		{908DCE7F-214E-1B58-59EC-15CBAAAED049}.Debug|Any CPU.ActiveCfg = Debug|Any CPU
		{908DCE7F-214E-1B58-59EC-15CBAAAED049}.Debug|Any CPU.Build.0 = Debug|Any CPU
		{908DCE7F-214E-1B58-59EC-15CBAAAED049}.Release|Any CPU.ActiveCfg = Release|Any CPU
		{908DCE7F-214E-1B58-59EC-15CBAAAED049}.Release|Any CPU.Build.0 = Release|Any CPU
	EndGlobalSection
	GlobalSection(SolutionProperties) = preSolution
		HideSolutionNode = FALSE
	EndGlobalSection
EndGlobal
